{
    "_readme": [
        "This file locks the dependencies of your project to a known state",
        "Read more about it at https://getcomposer.org/doc/01-basic-usage.md#installing-dependencies",
        "This file is @generated automatically"
    ],
    "content-hash": "6c2d42fbf8dec5f7b3362a3370906a93",
    "packages": [
        {
            "name": "ehime/hello-world",
            "version": "dev-master",
            "source": {
                "type": "git",
                "url": "https://github.com/ehime/hello-world.git",
                "reference": "9d5ab9a32d95b11ad8e849f30ba2854b8cd0bc4c"
            },
            "dist": {
                "type": "zip",
                "url": "https://api.github.com/repos/ehime/hello-world/zipball/9d5ab9a32d95b11ad8e849f30ba2854b8cd0bc4c",
                "reference": "9d5ab9a32d95b11ad8e849f30ba2854b8cd0bc4c",
                "shasum": ""
            },
            "require": {
                "php": ">=5.4.0"
            },
            "require-dev": {
                "mockery/mockery": "0.8.*",
                "phpunit/phpunit": "4.3.5"
            },
            "type": "library",
            "autoload": {
                "psr-0": {
                    "HelloWorld": "src/"
                }
            },
            "notification-url": "https://packagist.org/downloads/",
            "license": [
                "MIT"
            ],
            "authors": [
                {
                    "name": "Jd Daniel",
                    "email": "dodomeki@gmail.com"
                }
            ],
            "description": "Sample Composer project",
            "keywords": [
                "helloworld",
                "sample",
                "test"
            ],
            "time": "2015-07-31T20:11:05+00:00"
        }
    ],
    "packages-dev": [],
    "aliases": [],
    "minimum-stability": "dev",
    "stability-flags": {
        "ehime/hello-world": 20
    },
    "prefer-stable": false,
    "prefer-lowest": false,
    "platform": [],
    "platform-dev": []
}
